
Microsoft Visual Studio Solution File, Format Version 12.00
# Visual Studio Version 17
VisualStudioVersion = 17.3.32901.215
MinimumVisualStudioVersion = 10.0.40219.1
Project("{FAE04EC0-301F-11D3-BF4B-00C04F79EFBC}") = "MatMod1_1", "MatMod1_1\MatMod1_1.csproj", "{24A51B67-06C9-4674-A84E-B6BEC35FC8CF}"
EndProject
Global
	GlobalSection(SolutionConfigurationPlatforms) = preSolution
		Debug|Any CPU = Debug|Any CPU
		Release|Any CPU = Release|Any CPU
	EndGlobalSection
	GlobalSection(ProjectConfigurationPlatforms) = postSolution
		{24A51B67-06C9-4674-A84E-B6BEC35FC8CF}.Debug|Any CPU.ActiveCfg = Debug|Any CPU
		{24A51B67-06C9-4674-A84E-B6BEC35FC8CF}.Debug|Any CPU.Build.0 = Debug|Any CPU
		{24A51B67-06C9-4674-A84E-B6BEC35FC8CF}.Release|Any CPU.ActiveCfg = Release|Any CPU
		{24A51B67-06C9-4674-A84E-B6BEC35FC8CF}.Release|Any CPU.Build.0 = Release|Any CPU
	EndGlobalSection
	GlobalSection(SolutionProperties) = preSolution
		HideSolutionNode = FALSE
	EndGlobalSection
	GlobalSection(ExtensibilityGlobals) = postSolution
		SolutionGuid = {C6EAE61F-6EC3-4AA8-A04F-7C5FBD4B091F}
	EndGlobalSection
EndGlobal
